
Microsoft Visual Studio Solution File, Format Version 12.00
# Visual Studio Version 17
VisualStudioVersion = 17.3.32901.215
MinimumVisualStudioVersion = 10.0.40219.1
Project("{FAE04EC0-301F-11D3-BF4B-00C04F79EFBC}") = "Worldle_MyTake_Console", "Worldle_MyTake_Console\Worldle_MyTake_Console.csproj", "{20594B71-93B0-432E-8FD0-250235B6500B}"
EndProject
Global
	GlobalSection(SolutionConfigurationPlatforms) = preSolution
		Debug|Any CPU = Debug|Any CPU
		Release|Any CPU = Release|Any CPU
	EndGlobalSection
	GlobalSection(ProjectConfigurationPlatforms) = postSolution
		{20594B71-93B0-432E-8FD0-250235B6500B}.Debug|Any CPU.ActiveCfg = Debug|Any CPU
		{20594B71-93B0-432E-8FD0-250235B6500B}.Debug|Any CPU.Build.0 = Debug|Any CPU
		{20594B71-93B0-432E-8FD0-250235B6500B}.Release|Any CPU.ActiveCfg = Release|Any CPU
		{20594B71-93B0-432E-8FD0-250235B6500B}.Release|Any CPU.Build.0 = Release|Any CPU
	EndGlobalSection
	GlobalSection(SolutionProperties) = preSolution
		HideSolutionNode = FALSE
	EndGlobalSection
	GlobalSection(ExtensibilityGlobals) = postSolution
		SolutionGuid = {6E5CBC61-97CA-4FF3-917B-CB25405B8E23}
	EndGlobalSection
EndGlobal
